# This file is automatically @generated by Cargo.
# It is not intended for manual editing.
version = 4

[[package]]
name = "emboss-cli"
version = "0.1.0"
dependencies = [
 "emboss-service",
]

[[package]]
name = "emboss-core"
version = "0.1.0"

[[package]]
name = "emboss-docgen"
version = "0.1.0"
dependencies = [
 "emboss-fixtures",
 "emboss-tools",
]

[[package]]
name = "emboss-fixtures"
version = "0.1.0"

[[package]]
name = "emboss-io"
version = "0.1.0"

[[package]]
name = "emboss-plot-contract"
version = "0.1.0"

[[package]]
name = "emboss-r-bridge"
version = "0.1.0"
dependencies = [
 "emboss-core",
 "emboss-plot-contract",
]

[[package]]
name = "emboss-service"
version = "0.1.0"
dependencies = [
 "emboss-tools",
]

[[package]]
name = "emboss-testkit"
version = "0.1.0"
dependencies = [
 "emboss-fixtures",
]

[[package]]
name = "emboss-tools"
version = "0.1.0"
dependencies = [
 "emboss-core",
]
